
Microsoft Visual Studio Solution File, Format Version 12.00
# Visual Studio Version 17
VisualStudioVersion = 17.0.31808.319
MinimumVisualStudioVersion = 10.0.40219.1
Project("{FAE04EC0-301F-11D3-BF4B-00C04F79EFBC}") = "ArchClass.Products", "ArchClass.Products\ArchClass.Products.csproj", "{D5466639-6D2D-4B0E-BE08-1819C1D126F7}"
EndProject
Project("{FAE04EC0-301F-11D3-BF4B-00C04F79EFBC}") = "ArchClass.Products.Contract", "ArchClass.Products.Contract\ArchClass.Products.Contract.csproj", "{06212DD4-47B1-4345-A6A1-1953A7378128}"
EndProject
Global
	GlobalSection(SolutionConfigurationPlatforms) = preSolution
		Debug|Any CPU = Debug|Any CPU
		Release|Any CPU = Release|Any CPU
	EndGlobalSection
	GlobalSection(ProjectConfigurationPlatforms) = postSolution
		{D5466639-6D2D-4B0E-BE08-1819C1D126F7}.Debug|Any CPU.ActiveCfg = Debug|Any CPU
		{D5466639-6D2D-4B0E-BE08-1819C1D126F7}.Debug|Any CPU.Build.0 = Debug|Any CPU
		{D5466639-6D2D-4B0E-BE08-1819C1D126F7}.Release|Any CPU.ActiveCfg = Release|Any CPU
		{D5466639-6D2D-4B0E-BE08-1819C1D126F7}.Release|Any CPU.Build.0 = Release|Any CPU
		{06212DD4-47B1-4345-A6A1-1953A7378128}.Debug|Any CPU.ActiveCfg = Debug|Any CPU
		{06212DD4-47B1-4345-A6A1-1953A7378128}.Debug|Any CPU.Build.0 = Debug|Any CPU
		{06212DD4-47B1-4345-A6A1-1953A7378128}.Release|Any CPU.ActiveCfg = Release|Any CPU
		{06212DD4-47B1-4345-A6A1-1953A7378128}.Release|Any CPU.Build.0 = Release|Any CPU
	EndGlobalSection
	GlobalSection(SolutionProperties) = preSolution
		HideSolutionNode = FALSE
	EndGlobalSection
	GlobalSection(ExtensibilityGlobals) = postSolution
		SolutionGuid = {97CC3450-6135-4316-8EDE-98B25E298DBA}
	EndGlobalSection
EndGlobal
